
Microsoft Visual Studio Solution File, Format Version 12.00
# Visual Studio Version 17
VisualStudioVersion = 17.14.37012.4 d17.14
MinimumVisualStudioVersion = 10.0.40219.1
Project("{FAE04EC0-301F-11D3-BF4B-00C04F79EFBC}") = "ToDoListObject", "ToDoListObject.csproj", "{53F8608C-8CCD-4F2C-8560-B971EF68FF5B}"
EndProject
Global
	GlobalSection(SolutionConfigurationPlatforms) = preSolution
		Debug|Any CPU = Debug|Any CPU
		Release|Any CPU = Release|Any CPU
	EndGlobalSection
	GlobalSection(ProjectConfigurationPlatforms) = postSolution
		{53F8608C-8CCD-4F2C-8560-B971EF68FF5B}.Debug|Any CPU.ActiveCfg = Debug|Any CPU
		{53F8608C-8CCD-4F2C-8560-B971EF68FF5B}.Debug|Any CPU.Build.0 = Debug|Any CPU
		{53F8608C-8CCD-4F2C-8560-B971EF68FF5B}.Release|Any CPU.ActiveCfg = Release|Any CPU
		{53F8608C-8CCD-4F2C-8560-B971EF68FF5B}.Release|Any CPU.Build.0 = Release|Any CPU
	EndGlobalSection
	GlobalSection(SolutionProperties) = preSolution
		HideSolutionNode = FALSE
	EndGlobalSection
	GlobalSection(ExtensibilityGlobals) = postSolution
		SolutionGuid = {3D808A9D-F21E-4332-BB70-01249BE3778A}
	EndGlobalSection
EndGlobal
